
Microsoft Visual Studio Solution File, Format Version 12.00
# Visual Studio 15
VisualStudioVersion = 15.0.27130.2027
MinimumVisualStudioVersion = 10.0.40219.1
Project("{9A19103F-16F7-4668-BE54-9A1E7A4F7556}") = "SIENN.DbAccess", "SIENN.DbAccess\SIENN.DbAccess.csproj", "{511A3059-5C43-4767-BE20-8781E87BAAD5}"
EndProject
Project("{9A19103F-16F7-4668-BE54-9A1E7A4F7556}") = "SIENN.Services", "SIENN.Services\SIENN.Services.csproj", "{1B5848CF-2A71-45B8-9877-6D30B844AE3A}"
EndProject
Project("{9A19103F-16F7-4668-BE54-9A1E7A4F7556}") = "SIENN.WebApi", "SIENN.WebApi\SIENN.WebApi.csproj", "{369B5334-A06E-4766-941F-3043B62DC1D6}"
EndProject
Project("{9A19103F-16F7-4668-BE54-9A1E7A4F7556}") = "SIENN.Models", "SIENN.Models\SIENN.Models.csproj", "{F1829CE0-6D9E-4586-9129-71B5B1DD16A6}"
EndProject
Project("{9A19103F-16F7-4668-BE54-9A1E7A4F7556}") = "SIENN.DAL", "SIENN.DAL\SIENN.DAL.csproj", "{5EA61D15-77AE-4009-8E07-0EAF869941C5}"
EndProject
Global
	GlobalSection(SolutionConfigurationPlatforms) = preSolution
		Debug|Any CPU = Debug|Any CPU
		Release|Any CPU = Release|Any CPU
	EndGlobalSection
	GlobalSection(ProjectConfigurationPlatforms) = postSolution
		{511A3059-5C43-4767-BE20-8781E87BAAD5}.Debug|Any CPU.ActiveCfg = Debug|Any CPU
		{511A3059-5C43-4767-BE20-8781E87BAAD5}.Debug|Any CPU.Build.0 = Debug|Any CPU
		{511A3059-5C43-4767-BE20-8781E87BAAD5}.Release|Any CPU.ActiveCfg = Release|Any CPU
		{511A3059-5C43-4767-BE20-8781E87BAAD5}.Release|Any CPU.Build.0 = Release|Any CPU
		{1B5848CF-2A71-45B8-9877-6D30B844AE3A}.Debug|Any CPU.ActiveCfg = Debug|Any CPU
		{1B5848CF-2A71-45B8-9877-6D30B844AE3A}.Debug|Any CPU.Build.0 = Debug|Any CPU
		{1B5848CF-2A71-45B8-9877-6D30B844AE3A}.Release|Any CPU.ActiveCfg = Release|Any CPU
		{1B5848CF-2A71-45B8-9877-6D30B844AE3A}.Release|Any CPU.Build.0 = Release|Any CPU
		{369B5334-A06E-4766-941F-3043B62DC1D6}.Debug|Any CPU.ActiveCfg = Debug|Any CPU
		{369B5334-A06E-4766-941F-3043B62DC1D6}.Debug|Any CPU.Build.0 = Debug|Any CPU
		{369B5334-A06E-4766-941F-3043B62DC1D6}.Release|Any CPU.ActiveCfg = Release|Any CPU
		{369B5334-A06E-4766-941F-3043B62DC1D6}.Release|Any CPU.Build.0 = Release|Any CPU
		{F1829CE0-6D9E-4586-9129-71B5B1DD16A6}.Debug|Any CPU.ActiveCfg = Debug|Any CPU
		{F1829CE0-6D9E-4586-9129-71B5B1DD16A6}.Debug|Any CPU.Build.0 = Debug|Any CPU
		{F1829CE0-6D9E-4586-9129-71B5B1DD16A6}.Release|Any CPU.ActiveCfg = Release|Any CPU
		{F1829CE0-6D9E-4586-9129-71B5B1DD16A6}.Release|Any CPU.Build.0 = Release|Any CPU
		{5EA61D15-77AE-4009-8E07-0EAF869941C5}.Debug|Any CPU.ActiveCfg = Debug|Any CPU
		{5EA61D15-77AE-4009-8E07-0EAF869941C5}.Debug|Any CPU.Build.0 = Debug|Any CPU
		{5EA61D15-77AE-4009-8E07-0EAF869941C5}.Release|Any CPU.ActiveCfg = Release|Any CPU
		{5EA61D15-77AE-4009-8E07-0EAF869941C5}.Release|Any CPU.Build.0 = Release|Any CPU
	EndGlobalSection
	GlobalSection(SolutionProperties) = preSolution
		HideSolutionNode = FALSE
	EndGlobalSection
	GlobalSection(ExtensibilityGlobals) = postSolution
		SolutionGuid = {41A06EE6-FEA5-4251-AF27-AEC326869C0D}
	EndGlobalSection
EndGlobal
